
Microsoft Visual Studio Solution File, Format Version 12.00
# Visual Studio 15
VisualStudioVersion = 15.0.28307.1267
MinimumVisualStudioVersion = 10.0.40219.1
Project("{FAE04EC0-301F-11D3-BF4B-00C04F79EFBC}") = "Metotlar", "ConsoleApp1\Metotlar.csproj", "{32BDF0C0-A29F-4BA0-8ABD-85125260DC3C}"
EndProject
Project("{FAE04EC0-301F-11D3-BF4B-00C04F79EFBC}") = "Matematik", "Matematik\Matematik.csproj", "{7ED99F06-59D7-4596-9A93-D2B234190745}"
EndProject
Project("{FAE04EC0-301F-11D3-BF4B-00C04F79EFBC}") = "DegerVeReferansTipler", "DegerVeReferansTipler\DegerVeReferansTipler.csproj", "{0B9AF823-BEB7-467C-A3AD-16D5CB63D7E2}"
EndProject
Project("{FAE04EC0-301F-11D3-BF4B-00C04F79EFBC}") = "OOP1", "OOP1\OOP1.csproj", "{9BF285AD-F82E-497C-96A1-72BF29D18F48}"
EndProject
Global
	GlobalSection(SolutionConfigurationPlatforms) = preSolution
		Debug|Any CPU = Debug|Any CPU
		Release|Any CPU = Release|Any CPU
	EndGlobalSection
	GlobalSection(ProjectConfigurationPlatforms) = postSolution
		{32BDF0C0-A29F-4BA0-8ABD-85125260DC3C}.Debug|Any CPU.ActiveCfg = Debug|Any CPU
		{32BDF0C0-A29F-4BA0-8ABD-85125260DC3C}.Debug|Any CPU.Build.0 = Debug|Any CPU
		{32BDF0C0-A29F-4BA0-8ABD-85125260DC3C}.Release|Any CPU.ActiveCfg = Release|Any CPU
		{32BDF0C0-A29F-4BA0-8ABD-85125260DC3C}.Release|Any CPU.Build.0 = Release|Any CPU
		{7ED99F06-59D7-4596-9A93-D2B234190745}.Debug|Any CPU.ActiveCfg = Debug|Any CPU
		{7ED99F06-59D7-4596-9A93-D2B234190745}.Debug|Any CPU.Build.0 = Debug|Any CPU
		{7ED99F06-59D7-4596-9A93-D2B234190745}.Release|Any CPU.ActiveCfg = Release|Any CPU
		{7ED99F06-59D7-4596-9A93-D2B234190745}.Release|Any CPU.Build.0 = Release|Any CPU
		{0B9AF823-BEB7-467C-A3AD-16D5CB63D7E2}.Debug|Any CPU.ActiveCfg = Debug|Any CPU
		{0B9AF823-BEB7-467C-A3AD-16D5CB63D7E2}.Debug|Any CPU.Build.0 = Debug|Any CPU
		{0B9AF823-BEB7-467C-A3AD-16D5CB63D7E2}.Release|Any CPU.ActiveCfg = Release|Any CPU
		{0B9AF823-BEB7-467C-A3AD-16D5CB63D7E2}.Release|Any CPU.Build.0 = Release|Any CPU
		{9BF285AD-F82E-497C-96A1-72BF29D18F48}.Debug|Any CPU.ActiveCfg = Debug|Any CPU
		{9BF285AD-F82E-497C-96A1-72BF29D18F48}.Debug|Any CPU.Build.0 = Debug|Any CPU
		{9BF285AD-F82E-497C-96A1-72BF29D18F48}.Release|Any CPU.ActiveCfg = Release|Any CPU
		{9BF285AD-F82E-497C-96A1-72BF29D18F48}.Release|Any CPU.Build.0 = Release|Any CPU
	EndGlobalSection
	GlobalSection(SolutionProperties) = preSolution
		HideSolutionNode = FALSE
	EndGlobalSection
	GlobalSection(ExtensibilityGlobals) = postSolution
		SolutionGuid = {6EFF91A0-6564-44E7-8A98-F4B755890F09}
	EndGlobalSection
EndGlobal
